
Microsoft Visual Studio Solution File, Format Version 12.00
# Visual Studio 2012
Project("{FAE04EC0-301F-11D3-BF4B-00C04F79EFBC}") = "WcfServiceLibrary", "WcfServiceLibrary\WcfServiceLibrary.csproj", "{15B3E0D2-6217-493A-A690-158C497F5318}"
EndProject
Project("{FAE04EC0-301F-11D3-BF4B-00C04F79EFBC}") = "MyService", "MyService\MyService.csproj", "{81272B62-A106-425A-AFF4-8A12BD236EEC}"
EndProject
Project("{FAE04EC0-301F-11D3-BF4B-00C04F79EFBC}") = "MyClient", "MyClient\MyClient.csproj", "{02C4A3A7-4C5E-4505-A1DA-A31D46652C13}"
	ProjectSection(ProjectDependencies) = postProject
		{15B3E0D2-6217-493A-A690-158C497F5318} = {15B3E0D2-6217-493A-A690-158C497F5318}
	EndProjectSection
EndProject
Global
	GlobalSection(SolutionConfigurationPlatforms) = preSolution
		Debug|Any CPU = Debug|Any CPU
		Release|Any CPU = Release|Any CPU
	EndGlobalSection
	GlobalSection(ProjectConfigurationPlatforms) = postSolution
		{15B3E0D2-6217-493A-A690-158C497F5318}.Debug|Any CPU.ActiveCfg = Debug|Any CPU
		{15B3E0D2-6217-493A-A690-158C497F5318}.Debug|Any CPU.Build.0 = Debug|Any CPU
		{15B3E0D2-6217-493A-A690-158C497F5318}.Release|Any CPU.ActiveCfg = Release|Any CPU
		{15B3E0D2-6217-493A-A690-158C497F5318}.Release|Any CPU.Build.0 = Release|Any CPU
		{81272B62-A106-425A-AFF4-8A12BD236EEC}.Debug|Any CPU.ActiveCfg = Debug|Any CPU
		{81272B62-A106-425A-AFF4-8A12BD236EEC}.Debug|Any CPU.Build.0 = Debug|Any CPU
		{81272B62-A106-425A-AFF4-8A12BD236EEC}.Release|Any CPU.ActiveCfg = Release|Any CPU
		{81272B62-A106-425A-AFF4-8A12BD236EEC}.Release|Any CPU.Build.0 = Release|Any CPU
		{02C4A3A7-4C5E-4505-A1DA-A31D46652C13}.Debug|Any CPU.ActiveCfg = Debug|Any CPU
		{02C4A3A7-4C5E-4505-A1DA-A31D46652C13}.Debug|Any CPU.Build.0 = Debug|Any CPU
		{02C4A3A7-4C5E-4505-A1DA-A31D46652C13}.Release|Any CPU.ActiveCfg = Release|Any CPU
		{02C4A3A7-4C5E-4505-A1DA-A31D46652C13}.Release|Any CPU.Build.0 = Release|Any CPU
	EndGlobalSection
	GlobalSection(SolutionProperties) = preSolution
		HideSolutionNode = FALSE
	EndGlobalSection
EndGlobal
